
Microsoft Visual Studio Solution File, Format Version 12.00
# Visual Studio Version 16
VisualStudioVersion = 16.0.30804.86
MinimumVisualStudioVersion = 10.0.40219.1
Project("{FAE04EC0-301F-11D3-BF4B-00C04F79EFBC}") = "Proj1", "Proj1\Proj1.csproj", "{D0778233-5972-4392-A32D-3AAA51098BF9}"
EndProject
Global
	GlobalSection(SolutionConfigurationPlatforms) = preSolution
		Debug|Any CPU = Debug|Any CPU
		Release|Any CPU = Release|Any CPU
	EndGlobalSection
	GlobalSection(ProjectConfigurationPlatforms) = postSolution
		{D0778233-5972-4392-A32D-3AAA51098BF9}.Debug|Any CPU.ActiveCfg = Debug|Any CPU
		{D0778233-5972-4392-A32D-3AAA51098BF9}.Debug|Any CPU.Build.0 = Debug|Any CPU
		{D0778233-5972-4392-A32D-3AAA51098BF9}.Release|Any CPU.ActiveCfg = Release|Any CPU
		{D0778233-5972-4392-A32D-3AAA51098BF9}.Release|Any CPU.Build.0 = Release|Any CPU
	EndGlobalSection
	GlobalSection(SolutionProperties) = preSolution
		HideSolutionNode = FALSE
	EndGlobalSection
	GlobalSection(ExtensibilityGlobals) = postSolution
		SolutionGuid = {133576B5-5BD9-4420-BEFE-51723081C7E2}
	EndGlobalSection
EndGlobal
